// !$*UTF8*$!
{
	archiveVersion = 1;
	classes = {
	};
	objectVersion = 46;
	objects = {

/* Begin PBXBuildFile section */
		371301AA1C31CF9B00A2FA87 /* SwipeView.swift in Sources */ = {isa = PBXBuildFile; fileRef = 371301A91C31CF9B00A2FA87 /* SwipeView.swift */; };
		3798FD461C31C28C00EA6266 /* AppDelegate.swift in Sources */ = {isa = PBXBuildFile; fileRef = 3798FD451C31C28C00EA6266 /* AppDelegate.swift */; };
		3798FD491C31C28C00EA6266 /* SwiftTinderClone.xcdatamodeld in Sources */ = {isa = PBXBuildFile; fileRef = 3798FD471C31C28C00EA6266 /* SwiftTinderClone.xcdatamodeld */; };
		3798FD4B1C31C28C00EA6266 /* ViewController.swift in Sources */ = {isa = PBXBuildFile; fileRef = 3798FD4A1C31C28C00EA6266 /* ViewController.swift */; };
		3798FD4E1C31C28C00EA6266 /* Main.storyboard in Resources */ = {isa = PBXBuildFile; fileRef = 3798FD4C1C31C28C00EA6266 /* Main.storyboard */; };
		3798FD501C31C28C00EA6266 /* Images.xcassets in Resources */ = {isa = PBXBuildFile; fileRef = 3798FD4F1C31C28C00EA6266 /* Images.xcassets */; };
		3798FD531C31C28C00EA6266 /* LaunchScreen.xib in Resources */ = {isa = PBXBuildFile; fileRef = 3798FD511C31C28C00EA6266 /* LaunchScreen.xib */; };
		3798FD5F1C31C28C00EA6266 /* SwiftTinderCloneTests.swift in Sources */ = {isa = PBXBuildFile; fileRef = 3798FD5E1C31C28C00EA6266 /* SwiftTinderCloneTests.swift */; };
		3798FD6A1C31C30000EA6266 /* CardView.swift in Sources */ = {isa = PBXBuildFile; fileRef = 3798FD691C31C30000EA6266 /* CardView.swift */; };
/* End PBXBuildFile section */

/* Begin PBXContainerItemProxy section */
		3798FD591C31C28C00EA6266 /* PBXContainerItemProxy */ = {
			isa = PBXContainerItemProxy;
			containerPortal = 3798FD381C31C28C00EA6266 /* Project object */;
			proxyType = 1;
			remoteGlobalIDString = 3798FD3F1C31C28C00EA6266;
			remoteInfo = SwiftTinderClone;
		};
/* End PBXContainerItemProxy section */

/* Begin PBXFileReference section */
		371301A91C31CF9B00A2FA87 /* SwipeView.swift */ = {isa = PBXFileReference; fileEncoding = 4; lastKnownFileType = sourcecode.swift; path = SwipeView.swift; sourceTree = "<group>"; };
		3798FD401C31C28C00EA6266 /* SwiftTinderClone.app */ = {isa = PBXFileReference; explicitFileType = wrapper.application; includeInIndex = 0; path = SwiftTinderClone.app; sourceTree = BUILT_PRODUCTS_DIR; };
		3798FD441C31C28C00EA6266 /* Info.plist */ = {isa = PBXFileReference; lastKnownFileType = text.plist.xml; path = Info.plist; sourceTree = "<group>"; };
		3798FD451C31C28C00EA6266 /* AppDelegate.swift */ = {isa = PBXFileReference; lastKnownFileType = sourcecode.swift; path = AppDelegate.swift; sourceTree = "<group>"; };
		3798FD481C31C28C00EA6266 /* SwiftTinderClone.xcdatamodel */ = {isa = PBXFileReference; lastKnownFileType = wrapper.xcdatamodel; path = SwiftTinderClone.xcdatamodel; sourceTree = "<group>"; };
		3798FD4A1C31C28C00EA6266 /* ViewController.swift */ = {isa = PBXFileReference; lastKnownFileType = sourcecode.swift; path = ViewController.swift; sourceTree = "<group>"; };
		3798FD4D1C31C28C00EA6266 /* Base */ = {isa = PBXFileReference; lastKnownFileType = file.storyboard; name = Base; path = Base.lproj/Main.storyboard; sourceTree = "<group>"; };
		3798FD4F1C31C28C00EA6266 /* Images.xcassets */ = {isa = PBXFileReference; lastKnownFileType = folder.assetcatalog; path = Images.xcassets; sourceTree = "<group>"; };
		3798FD521C31C28C00EA6266 /* Base */ = {isa = PBXFileReference; lastKnownFileType = file.xib; name = Base; path = Base.lproj/LaunchScreen.xib; sourceTree = "<group>"; };
		3798FD581C31C28C00EA6266 /* SwiftTinderCloneTests.xctest */ = {isa = PBXFileReference; explicitFileType = wrapper.cfbundle; includeInIndex = 0; path = SwiftTinderCloneTests.xctest; sourceTree = BUILT_PRODUCTS_DIR; };
		3798FD5D1C31C28C00EA6266 /* Info.plist */ = {isa = PBXFileReference; lastKnownFileType = text.plist.xml; path = Info.plist; sourceTree = "<group>"; };
		3798FD5E1C31C28C00EA6266 /* SwiftTinderCloneTests.swift */ = {isa = PBXFileReference; lastKnownFileType = sourcecode.swift; path = SwiftTinderCloneTests.swift; sourceTree = "<group>"; };
		3798FD691C31C30000EA6266 /* CardView.swift */ = {isa = PBXFileReference; fileEncoding = 4; lastKnownFileType = sourcecode.swift; path = CardView.swift; sourceTree = "<group>"; };
/* End PBXFileReference section */

/* Begin PBXFrameworksBuildPhase section */
		3798FD3D1C31C28C00EA6266 /* Frameworks */ = {
			isa = PBXFrameworksBuildPhase;
			buildActionMask = 2147483647;
			files = (
			);
			runOnlyForDeploymentPostprocessing = 0;
		};
		3798FD551C31C28C00EA6266 /* Frameworks */ = {
			isa = PBXFrameworksBuildPhase;
			buildActionMask = 2147483647;
			files = (
			);
			runOnlyForDeploymentPostprocessing = 0;
		};
/* End PBXFrameworksBuildPhase section */

/* Begin PBXGroup section */
		3798FD371C31C28C00EA6266 = {
			isa = PBXGroup;
			children = (
				3798FD421C31C28C00EA6266 /* SwiftTinderClone */,
				3798FD5B1C31C28C00EA6266 /* SwiftTinderCloneTests */,
				3798FD411C31C28C00EA6266 /* Products */,
			);
			sourceTree = "<group>";
		};
		3798FD411C31C28C00EA6266 /* Products */ = {
			isa = PBXGroup;
			children = (
				3798FD401C31C28C00EA6266 /* SwiftTinderClone.app */,
				3798FD581C31C28C00EA6266 /* SwiftTinderCloneTests.xctest */,
			);
			name = Products;
			sourceTree = "<group>";
		};
		3798FD421C31C28C00EA6266 /* SwiftTinderClone */ = {
			isa = PBXGroup;
			children = (
				3798FD451C31C28C00EA6266 /* AppDelegate.swift */,
				3798FD681C31C2BE00EA6266 /* Views */,
				3798FD4A1C31C28C00EA6266 /* ViewController.swift */,
				3798FD4C1C31C28C00EA6266 /* Main.storyboard */,
				3798FD4F1C31C28C00EA6266 /* Images.xcassets */,
				3798FD511C31C28C00EA6266 /* LaunchScreen.xib */,
				3798FD471C31C28C00EA6266 /* SwiftTinderClone.xcdatamodeld */,
				3798FD431C31C28C00EA6266 /* Supporting Files */,
			);
			path = SwiftTinderClone;
			sourceTree = "<group>";
		};
		3798FD431C31C28C00EA6266 /* Supporting Files */ = {
			isa = PBXGroup;
			children = (
				3798FD441C31C28C00EA6266 /* Info.plist */,
			);
			name = "Supporting Files";
			sourceTree = "<group>";
		};
		3798FD5B1C31C28C00EA6266 /* SwiftTinderCloneTests */ = {
			isa = PBXGroup;
			children = (
				3798FD5E1C31C28C00EA6266 /* SwiftTinderCloneTests.swift */,
				3798FD5C1C31C28C00EA6266 /* Supporting Files */,
			);
			path = SwiftTinderCloneTests;
			sourceTree = "<group>";
		};
		3798FD5C1C31C28C00EA6266 /* Supporting Files */ = {
			isa = PBXGroup;
			children = (
				3798FD5D1C31C28C00EA6266 /* Info.plist */,
			);
			name = "Supporting Files";
			sourceTree = "<group>";
		};
		3798FD681C31C2BE00EA6266 /* Views */ = {
			isa = PBXGroup;
			children = (
				3798FD691C31C30000EA6266 /* CardView.swift */,
				371301A91C31CF9B00A2FA87 /* SwipeView.swift */,
			);
			name = Views;
			path = ..;
			sourceTree = "<group>";
		};
/* End PBXGroup section */

/* Begin PBXNativeTarget section */
		3798FD3F1C31C28C00EA6266 /* SwiftTinderClone */ = {
			isa = PBXNativeTarget;
			buildConfigurationList = 3798FD621C31C28C00EA6266 /* Build configuration list for PBXNativeTarget "SwiftTinderClone" */;
			buildPhases = (
				3798FD3C1C31C28C00EA6266 /* Sources */,
				3798FD3D1C31C28C00EA6266 /* Frameworks */,
				3798FD3E1C31C28C00EA6266 /* Resources */,
			);
			buildRules = (
			);
			dependencies = (
			);
			name = SwiftTinderClone;
			productName = SwiftTinderClone;
			productReference = 3798FD401C31C28C00EA6266 /* SwiftTinderClone.app */;
			productType = "com.apple.product-type.application";
		};
		3798FD571C31C28C00EA6266 /* SwiftTinderCloneTests */ = {
			isa = PBXNativeTarget;
			buildConfigurationList = 3798FD651C31C28C00EA6266 /* Build configuration list for PBXNativeTarget "SwiftTinderCloneTests" */;
			buildPhases = (
				3798FD541C31C28C00EA6266 /* Sources */,
				3798FD551C31C28C00EA6266 /* Frameworks */,
				3798FD561C31C28C00EA6266 /* Resources */,
			);
			buildRules = (
			);
			dependencies = (
				3798FD5A1C31C28C00EA6266 /* PBXTargetDependency */,
			);
			name = SwiftTinderCloneTests;
			productName = SwiftTinderCloneTests;
			productReference = 3798FD581C31C28C00EA6266 /* SwiftTinderCloneTests.xctest */;
			productType = "com.apple.product-type.bundle.unit-test";
		};
/* End PBXNativeTarget section */

/* Begin PBXProject section */
		3798FD381C31C28C00EA6266 /* Project object */ = {
			isa = PBXProject;
			attributes = {
				LastUpgradeCheck = 0620;
				ORGANIZATIONNAME = "Dan Bender";
				TargetAttributes = {
					3798FD3F1C31C28C00EA6266 = {
						CreatedOnToolsVersion = 6.2;
					};
					3798FD571C31C28C00EA6266 = {
						CreatedOnToolsVersion = 6.2;
						TestTargetID = 3798FD3F1C31C28C00EA6266;
					};
				};
			};
			buildConfigurationList = 3798FD3B1C31C28C00EA6266 /* Build configuration list for PBXProject "SwiftTinderClone" */;
			compatibilityVersion = "Xcode 3.2";
			developmentRegion = English;
			hasScannedForEncodings = 0;
			knownRegions = (
				en,
				Base,
			);
			mainGroup = 3798FD371C31C28C00EA6266;
			productRefGroup = 3798FD411C31C28C00EA6266 /* Products */;
			projectDirPath = "";
			projectRoot = "";
			targets = (
				3798FD3F1C31C28C00EA6266 /* SwiftTinderClone */,
				3798FD571C31C28C00EA6266 /* SwiftTinderCloneTests */,
			);
		};
/* End PBXProject section */

/* Begin PBXResourcesBuildPhase section */
		3798FD3E1C31C28C00EA6266 /* Resources */ = {
			isa = PBXResourcesBuildPhase;
			buildActionMask = 2147483647;
			files = (
				3798FD4E1C31C28C00EA6266 /* Main.storyboard in Resources */,
				3798FD531C31C28C00EA6266 /* LaunchScreen.xib in Resources */,
				3798FD501C31C28C00EA6266 /* Images.xcassets in Resources */,
			);
			runOnlyForDeploymentPostprocessing = 0;
		};
		3798FD561C31C28C00EA6266 /* Resources */ = {
			isa = PBXResourcesBuildPhase;
			buildActionMask = 2147483647;
			files = (
			);
			runOnlyForDeploymentPostprocessing = 0;
		};
/* End PBXResourcesBuildPhase section */

/* Begin PBXSourcesBuildPhase section */
		3798FD3C1C31C28C00EA6266 /* Sources */ = {
			isa = PBXSourcesBuildPhase;
			buildActionMask = 2147483647;
			files = (
				3798FD4B1C31C28C00EA6266 /* ViewController.swift in Sources */,
				3798FD461C31C28C00EA6266 /* AppDelegate.swift in Sources */,
				3798FD6A1C31C30000EA6266 /* CardView.swift in Sources */,
				371301AA1C31CF9B00A2FA87 /* SwipeView.swift in Sources */,
				3798FD491C31C28C00EA6266 /* SwiftTinderClone.xcdatamodeld in Sources */,
			);
			runOnlyForDeploymentPostprocessing = 0;
		};
		3798FD541C31C28C00EA6266 /* Sources */ = {
			isa = PBXSourcesBuildPhase;
			buildActionMask = 2147483647;
			files = (
				3798FD5F1C31C28C00EA6266 /* SwiftTinderCloneTests.swift in Sources */,
			);
			runOnlyForDeploymentPostprocessing = 0;
		};
/* End PBXSourcesBuildPhase section */

/* Begin PBXTargetDependency section */
		3798FD5A1C31C28C00EA6266 /* PBXTargetDependency */ = {
			isa = PBXTargetDependency;
			target = 3798FD3F1C31C28C00EA6266 /* SwiftTinderClone */;
			targetProxy = 3798FD591C31C28C00EA6266 /* PBXContainerItemProxy */;
		};
/* End PBXTargetDependency section */

/* Begin PBXVariantGroup section */
		3798FD4C1C31C28C00EA6266 /* Main.storyboard */ = {
			isa = PBXVariantGroup;
			children = (
				3798FD4D1C31C28C00EA6266 /* Base */,
			);
			name = Main.storyboard;
			sourceTree = "<group>";
		};
		3798FD511C31C28C00EA6266 /* LaunchScreen.xib */ = {
			isa = PBXVariantGroup;
			children = (
				3798FD521C31C28C00EA6266 /* Base */,
			);
			name = LaunchScreen.xib;
			sourceTree = "<group>";
		};
/* End PBXVariantGroup section */

/* Begin XCBuildConfiguration section */
		3798FD601C31C28C00EA6266 /* Debug */ = {
			isa = XCBuildConfiguration;
			buildSettings = {
				ALWAYS_SEARCH_USER_PATHS = NO;
				CLANG_CXX_LANGUAGE_STANDARD = "gnu++0x";
				CLANG_CXX_LIBRARY = "libc++";
				CLANG_ENABLE_MODULES = YES;
				CLANG_ENABLE_OBJC_ARC = YES;
				CLANG_WARN_BOOL_CONVERSION = YES;
				CLANG_WARN_CONSTANT_CONVERSION = YES;
				CLANG_WARN_DIRECT_OBJC_ISA_USAGE = YES_ERROR;
				CLANG_WARN_EMPTY_BODY = YES;
				CLANG_WARN_ENUM_CONVERSION = YES;
				CLANG_WARN_INT_CONVERSION = YES;
				CLANG_WARN_OBJC_ROOT_CLASS = YES_ERROR;
				CLANG_WARN_UNREACHABLE_CODE = YES;
				CLANG_WARN__DUPLICATE_METHOD_MATCH = YES;
				"CODE_SIGN_IDENTITY[sdk=iphoneos*]" = "iPhone Developer";
				COPY_PHASE_STRIP = NO;
				ENABLE_STRICT_OBJC_MSGSEND = YES;
				GCC_C_LANGUAGE_STANDARD = gnu99;
				GCC_DYNAMIC_NO_PIC = NO;
				GCC_OPTIMIZATION_LEVEL = 0;
				GCC_PREPROCESSOR_DEFINITIONS = (
					"DEBUG=1",
					"$(inherited)",
				);
				GCC_SYMBOLS_PRIVATE_EXTERN = NO;
				GCC_WARN_64_TO_32_BIT_CONVERSION = YES;
				GCC_WARN_ABOUT_RETURN_TYPE = YES_ERROR;
				GCC_WARN_UNDECLARED_SELECTOR = YES;
				GCC_WARN_UNINITIALIZED_AUTOS = YES_AGGRESSIVE;
				GCC_WARN_UNUSED_FUNCTION = YES;
				GCC_WARN_UNUSED_VARIABLE = YES;
				IPHONEOS_DEPLOYMENT_TARGET = 8.2;
				MTL_ENABLE_DEBUG_INFO = YES;
				ONLY_ACTIVE_ARCH = YES;
				SDKROOT = iphoneos;
				SWIFT_OPTIMIZATION_LEVEL = "-Onone";
				TARGETED_DEVICE_FAMILY = "1,2";
			};
			name = Debug;
		};
		3798FD611C31C28C00EA6266 /* Release */ = {
			isa = XCBuildConfiguration;
			buildSettings = {
				ALWAYS_SEARCH_USER_PATHS = NO;
				CLANG_CXX_LANGUAGE_STANDARD = "gnu++0x";
				CLANG_CXX_LIBRARY = "libc++";
				CLANG_ENABLE_MODULES = YES;
				CLANG_ENABLE_OBJC_ARC = YES;
				CLANG_WARN_BOOL_CONVERSION = YES;
				CLANG_WARN_CONSTANT_CONVERSION = YES;
				CLANG_WARN_DIRECT_OBJC_ISA_USAGE = YES_ERROR;
				CLANG_WARN_EMPTY_BODY = YES;
				CLANG_WARN_ENUM_CONVERSION = YES;
				CLANG_WARN_INT_CONVERSION = YES;
				CLANG_WARN_OBJC_ROOT_CLASS = YES_ERROR;
				CLANG_WARN_UNREACHABLE_CODE = YES;
				CLANG_WARN__DUPLICATE_METHOD_MATCH = YES;
				"CODE_SIGN_IDENTITY[sdk=iphoneos*]" = "iPhone Developer";
				COPY_PHASE_STRIP = NO;
				ENABLE_NS_ASSERTIONS = NO;
				ENABLE_STRICT_OBJC_MSGSEND = YES;
				GCC_C_LANGUAGE_STANDARD = gnu99;
				GCC_WARN_64_TO_32_BIT_CONVERSION = YES;
				GCC_WARN_ABOUT_RETURN_TYPE = YES_ERROR;
				GCC_WARN_UNDECLARED_SELECTOR = YES;
				GCC_WARN_UNINITIALIZED_AUTOS = YES_AGGRESSIVE;
				GCC_WARN_UNUSED_FUNCTION = YES;
				GCC_WARN_UNUSED_VARIABLE = YES;
				IPHONEOS_DEPLOYMENT_TARGET = 8.2;
				MTL_ENABLE_DEBUG_INFO = NO;
				SDKROOT = iphoneos;
				TARGETED_DEVICE_FAMILY = "1,2";
				VALIDATE_PRODUCT = YES;
			};
			name = Release;
		};
		3798FD631C31C28C00EA6266 /* Debug */ = {
			isa = XCBuildConfiguration;
			buildSettings = {
				ASSETCATALOG_COMPILER_APPICON_NAME = AppIcon;
				INFOPLIST_FILE = SwiftTinderClone/Info.plist;
				LD_RUNPATH_SEARCH_PATHS = "$(inherited) @executable_path/Frameworks";
				PRODUCT_NAME = "$(TARGET_NAME)";
			};
			name = Debug;
		};
		3798FD641C31C28C00EA6266 /* Release */ = {
			isa = XCBuildConfiguration;
			buildSettings = {
				ASSETCATALOG_COMPILER_APPICON_NAME = AppIcon;
				INFOPLIST_FILE = SwiftTinderClone/Info.plist;
				LD_RUNPATH_SEARCH_PATHS = "$(inherited) @executable_path/Frameworks";
				PRODUCT_NAME = "$(TARGET_NAME)";
			};
			name = Release;
		};
		3798FD661C31C28C00EA6266 /* Debug */ = {
			isa = XCBuildConfiguration;
			buildSettings = {
				BUNDLE_LOADER = "$(TEST_HOST)";
				FRAMEWORK_SEARCH_PATHS = (
					"$(SDKROOT)/Developer/Library/Frameworks",
					"$(inherited)",
				);
				GCC_PREPROCESSOR_DEFINITIONS = (
					"DEBUG=1",
					"$(inherited)",
				);
				INFOPLIST_FILE = SwiftTinderCloneTests/Info.plist;
				LD_RUNPATH_SEARCH_PATHS = "$(inherited) @executable_path/Frameworks @loader_path/Frameworks";
				PRODUCT_NAME = "$(TARGET_NAME)";
				TEST_HOST = "$(BUILT_PRODUCTS_DIR)/SwiftTinderClone.app/SwiftTinderClone";
			};
			name = Debug;
		};
		3798FD671C31C28C00EA6266 /* Release */ = {
			isa = XCBuildConfiguration;
			buildSettings = {
				BUNDLE_LOADER = "$(TEST_HOST)";
				FRAMEWORK_SEARCH_PATHS = (
					"$(SDKROOT)/Developer/Library/Frameworks",
					"$(inherited)",
				);
				INFOPLIST_FILE = SwiftTinderCloneTests/Info.plist;
				LD_RUNPATH_SEARCH_PATHS = "$(inherited) @executable_path/Frameworks @loader_path/Frameworks";
				PRODUCT_NAME = "$(TARGET_NAME)";
				TEST_HOST = "$(BUILT_PRODUCTS_DIR)/SwiftTinderClone.app/SwiftTinderClone";
			};
			name = Release;
		};
/* End XCBuildConfiguration section */

/* Begin XCConfigurationList section */
		3798FD3B1C31C28C00EA6266 /* Build configuration list for PBXProject "SwiftTinderClone" */ = {
			isa = XCConfigurationList;
			buildConfigurations = (
				3798FD601C31C28C00EA6266 /* Debug */,
				3798FD611C31C28C00EA6266 /* Release */,
			);
			defaultConfigurationIsVisible = 0;
			defaultConfigurationName = Release;
		};
		3798FD621C31C28C00EA6266 /* Build configuration list for PBXNativeTarget "SwiftTinderClone" */ = {
			isa = XCConfigurationList;
			buildConfigurations = (
				3798FD631C31C28C00EA6266 /* Debug */,
				3798FD641C31C28C00EA6266 /* Release */,
			);
			defaultConfigurationIsVisible = 0;
			defaultConfigurationName = Release;
		};
		3798FD651C31C28C00EA6266 /* Build configuration list for PBXNativeTarget "SwiftTinderCloneTests" */ = {
			isa = XCConfigurationList;
			buildConfigurations = (
				3798FD661C31C28C00EA6266 /* Debug */,
				3798FD671C31C28C00EA6266 /* Release */,
			);
			defaultConfigurationIsVisible = 0;
			defaultConfigurationName = Release;
		};
/* End XCConfigurationList section */

/* Begin XCVersionGroup section */
		3798FD471C31C28C00EA6266 /* SwiftTinderClone.xcdatamodeld */ = {
			isa = XCVersionGroup;
			children = (
				3798FD481C31C28C00EA6266 /* SwiftTinderClone.xcdatamodel */,
			);
			currentVersion = 3798FD481C31C28C00EA6266 /* SwiftTinderClone.xcdatamodel */;
			path = SwiftTinderClone.xcdatamodeld;
			sourceTree = "<group>";
			versionGroupType = wrapper.xcdatamodel;
		};
/* End XCVersionGroup section */
	};
	rootObject = 3798FD381C31C28C00EA6266 /* Project object */;
}
